Microsoft Visual Studio Solution File, Format Version 12.00
# Visual Studio Version 17
VisualStudioVersion = 17.12.35707.178
MinimumVisualStudioVersion = 10.0.40219.1
Project("{2150E333-8FDC-42A3-9474-1A3956D46DE8}") = "items", "items", "{3D8B4E5C-8ADC-4446-B577-4E63DAD11498}"
	ProjectSection(SolutionItems) = preProject
		.editorconfig = .editorconfig
		Directory.Build.props = Directory.Build.props
	EndProjectSection
EndProject
Project("{FAE04EC0-301F-11D3-BF4B-00C04F79EFBC}") = "Bible.Views", "Bible.Views\Bible.Views.csproj", "{56354871-7398-423C-B90B-E68757181970}"
EndProject
Project("{FAE04EC0-301F-11D3-BF4B-00C04F79EFBC}") = "Bible.Abstractions", "Bible.Abstractions\Bible.Abstractions.csproj", "{E0A5934A-4852-4DFF-864D-8DE12B3C0D30}"
EndProject
Global
	GlobalSection(SolutionConfigurationPlatforms) = preSolution
		Debug|Any CPU = Debug|Any CPU
		Release|Any CPU = Release|Any CPU
	EndGlobalSection
	GlobalSection(ProjectConfigurationPlatforms) = postSolution
		{56354871-7398-423C-B90B-E68757181970}.Debug|Any CPU.ActiveCfg = Debug|Any CPU
		{56354871-7398-423C-B90B-E68757181970}.Debug|Any CPU.Build.0 = Debug|Any CPU
		{56354871-7398-423C-B90B-E68757181970}.Release|Any CPU.ActiveCfg = Release|Any CPU
		{56354871-7398-423C-B90B-E68757181970}.Release|Any CPU.Build.0 = Release|Any CPU
		{E0A5934A-4852-4DFF-864D-8DE12B3C0D30}.Debug|Any CPU.ActiveCfg = Debug|Any CPU
		{E0A5934A-4852-4DFF-864D-8DE12B3C0D30}.Debug|Any CPU.Build.0 = Debug|Any CPU
		{E0A5934A-4852-4DFF-864D-8DE12B3C0D30}.Release|Any CPU.ActiveCfg = Release|Any CPU
		{E0A5934A-4852-4DFF-864D-8DE12B3C0D30}.Release|Any CPU.Build.0 = Release|Any CPU
	EndGlobalSection
	GlobalSection(SolutionProperties) = preSolution
		HideSolutionNode = FALSE
	EndGlobalSection
EndGlobal
